
Microsoft Visual Studio Solution File, Format Version 12.00
# Visual Studio Version 17
VisualStudioVersion = 17.4.33213.308
MinimumVisualStudioVersion = 10.0.40219.1
Project("{FAE04EC0-301F-11D3-BF4B-00C04F79EFBC}") = "FirstAppDay2", "FirstAppDay2\FirstAppDay2.csproj", "{1EF3177F-BFE9-4650-B334-29F346422190}"
EndProject
Global
	GlobalSection(SolutionConfigurationPlatforms) = preSolution
		Debug|Any CPU = Debug|Any CPU
		Release|Any CPU = Release|Any CPU
	EndGlobalSection
	GlobalSection(ProjectConfigurationPlatforms) = postSolution
		{1EF3177F-BFE9-4650-B334-29F346422190}.Debug|Any CPU.ActiveCfg = Debug|Any CPU
		{1EF3177F-BFE9-4650-B334-29F346422190}.Debug|Any CPU.Build.0 = Debug|Any CPU
		{1EF3177F-BFE9-4650-B334-29F346422190}.Release|Any CPU.ActiveCfg = Release|Any CPU
		{1EF3177F-BFE9-4650-B334-29F346422190}.Release|Any CPU.Build.0 = Release|Any CPU
	EndGlobalSection
	GlobalSection(SolutionProperties) = preSolution
		HideSolutionNode = FALSE
	EndGlobalSection
	GlobalSection(ExtensibilityGlobals) = postSolution
		SolutionGuid = {CCE23E65-DBE1-4C17-97BC-0E3D7B819F60}
	EndGlobalSection
EndGlobal
