
Microsoft Visual Studio Solution File, Format Version 12.00
# Visual Studio Version 17
VisualStudioVersion = 17.4.33213.308
MinimumVisualStudioVersion = 10.0.40219.1
Project("{FAE04EC0-301F-11D3-BF4B-00C04F79EFBC}") = "Task1", "Task1\Task1.csproj", "{3F7DD3F5-651C-45EF-8ECB-76583A75F6EB}"
EndProject
Global
	GlobalSection(SolutionConfigurationPlatforms) = preSolution
		Debug|Any CPU = Debug|Any CPU
		Release|Any CPU = Release|Any CPU
	EndGlobalSection
	GlobalSection(ProjectConfigurationPlatforms) = postSolution
		{3F7DD3F5-651C-45EF-8ECB-76583A75F6EB}.Debug|Any CPU.ActiveCfg = Debug|Any CPU
		{3F7DD3F5-651C-45EF-8ECB-76583A75F6EB}.Debug|Any CPU.Build.0 = Debug|Any CPU
		{3F7DD3F5-651C-45EF-8ECB-76583A75F6EB}.Release|Any CPU.ActiveCfg = Release|Any CPU
		{3F7DD3F5-651C-45EF-8ECB-76583A75F6EB}.Release|Any CPU.Build.0 = Release|Any CPU
	EndGlobalSection
	GlobalSection(SolutionProperties) = preSolution
		HideSolutionNode = FALSE
	EndGlobalSection
	GlobalSection(ExtensibilityGlobals) = postSolution
		SolutionGuid = {E745103C-E098-4E1B-BF66-2CFCB7A1AA8E}
	EndGlobalSection
EndGlobal
