
Microsoft Visual Studio Solution File, Format Version 12.00
# Visual Studio Version 17
VisualStudioVersion = 17.4.33213.308
MinimumVisualStudioVersion = 10.0.40219.1
Project("{FAE04EC0-301F-11D3-BF4B-00C04F79EFBC}") = "TaskSignalR", "TaskSignalR\TaskSignalR.csproj", "{F95F4F00-EA30-413B-89AD-9A616C510828}"
EndProject
Global
	GlobalSection(SolutionConfigurationPlatforms) = preSolution
		Debug|Any CPU = Debug|Any CPU
		Release|Any CPU = Release|Any CPU
	EndGlobalSection
	GlobalSection(ProjectConfigurationPlatforms) = postSolution
		{F95F4F00-EA30-413B-89AD-9A616C510828}.Debug|Any CPU.ActiveCfg = Debug|Any CPU
		{F95F4F00-EA30-413B-89AD-9A616C510828}.Debug|Any CPU.Build.0 = Debug|Any CPU
		{F95F4F00-EA30-413B-89AD-9A616C510828}.Release|Any CPU.ActiveCfg = Release|Any CPU
		{F95F4F00-EA30-413B-89AD-9A616C510828}.Release|Any CPU.Build.0 = Release|Any CPU
	EndGlobalSection
	GlobalSection(SolutionProperties) = preSolution
		HideSolutionNode = FALSE
	EndGlobalSection
	GlobalSection(ExtensibilityGlobals) = postSolution
		SolutionGuid = {1FD1637D-E465-47D3-844F-5E320B36A367}
	EndGlobalSection
EndGlobal
