
Microsoft Visual Studio Solution File, Format Version 12.00
# Visual Studio Version 17
VisualStudioVersion = 17.4.33213.308
MinimumVisualStudioVersion = 10.0.40219.1
Project("{9A19103F-16F7-4668-BE54-9A1E7A4F7556}") = "Button", "Button\Button.csproj", "{67E78417-CC0E-4468-BAC2-AA565C153803}"
EndProject
Project("{9A19103F-16F7-4668-BE54-9A1E7A4F7556}") = "Textfiledcolor", "Textfiledcolor\Textfiledcolor.csproj", "{B92273D5-8A2A-49CD-BA91-FD76FBA24504}"
EndProject
Project("{FAE04EC0-301F-11D3-BF4B-00C04F79EFBC}") = "Lec_Demo", "Lec_Demo\Lec_Demo.csproj", "{40896648-E8F5-4065-8CB4-EF8E318E3FD6}"
EndProject
Project("{FAE04EC0-301F-11D3-BF4B-00C04F79EFBC}") = "Calculator", "Calculator\Calculator.csproj", "{F584E8D2-ACC8-4E2E-868D-7C18587BCE10}"
EndProject
Global
	GlobalSection(SolutionConfigurationPlatforms) = preSolution
		Debug|Any CPU = Debug|Any CPU
		Release|Any CPU = Release|Any CPU
	EndGlobalSection
	GlobalSection(ProjectConfigurationPlatforms) = postSolution
		{67E78417-CC0E-4468-BAC2-AA565C153803}.Debug|Any CPU.ActiveCfg = Debug|Any CPU
		{67E78417-CC0E-4468-BAC2-AA565C153803}.Debug|Any CPU.Build.0 = Debug|Any CPU
		{67E78417-CC0E-4468-BAC2-AA565C153803}.Release|Any CPU.ActiveCfg = Release|Any CPU
		{67E78417-CC0E-4468-BAC2-AA565C153803}.Release|Any CPU.Build.0 = Release|Any CPU
		{B92273D5-8A2A-49CD-BA91-FD76FBA24504}.Debug|Any CPU.ActiveCfg = Debug|Any CPU
		{B92273D5-8A2A-49CD-BA91-FD76FBA24504}.Debug|Any CPU.Build.0 = Debug|Any CPU
		{B92273D5-8A2A-49CD-BA91-FD76FBA24504}.Release|Any CPU.ActiveCfg = Release|Any CPU
		{B92273D5-8A2A-49CD-BA91-FD76FBA24504}.Release|Any CPU.Build.0 = Release|Any CPU
		{40896648-E8F5-4065-8CB4-EF8E318E3FD6}.Debug|Any CPU.ActiveCfg = Debug|Any CPU
		{40896648-E8F5-4065-8CB4-EF8E318E3FD6}.Debug|Any CPU.Build.0 = Debug|Any CPU
		{40896648-E8F5-4065-8CB4-EF8E318E3FD6}.Release|Any CPU.ActiveCfg = Release|Any CPU
		{40896648-E8F5-4065-8CB4-EF8E318E3FD6}.Release|Any CPU.Build.0 = Release|Any CPU
		{F584E8D2-ACC8-4E2E-868D-7C18587BCE10}.Debug|Any CPU.ActiveCfg = Debug|Any CPU
		{F584E8D2-ACC8-4E2E-868D-7C18587BCE10}.Debug|Any CPU.Build.0 = Debug|Any CPU
		{F584E8D2-ACC8-4E2E-868D-7C18587BCE10}.Release|Any CPU.ActiveCfg = Release|Any CPU
		{F584E8D2-ACC8-4E2E-868D-7C18587BCE10}.Release|Any CPU.Build.0 = Release|Any CPU
	EndGlobalSection
	GlobalSection(SolutionProperties) = preSolution
		HideSolutionNode = FALSE
	EndGlobalSection
	GlobalSection(ExtensibilityGlobals) = postSolution
		SolutionGuid = {0A09F87E-423D-445F-BC05-A2583A497B99}
	EndGlobalSection
EndGlobal
