
Microsoft Visual Studio Solution File, Format Version 12.00
# Visual Studio Version 17
VisualStudioVersion = 17.4.33213.308
MinimumVisualStudioVersion = 10.0.40219.1
Project("{9A19103F-16F7-4668-BE54-9A1E7A4F7556}") = "Day9", "WebApplication3\Day9.csproj", "{CF25ED76-E304-4EF8-B2ED-C2D73B7A274C}"
EndProject
Global
	GlobalSection(SolutionConfigurationPlatforms) = preSolution
		Debug|Any CPU = Debug|Any CPU
		Release|Any CPU = Release|Any CPU
	EndGlobalSection
	GlobalSection(ProjectConfigurationPlatforms) = postSolution
		{CF25ED76-E304-4EF8-B2ED-C2D73B7A274C}.Debug|Any CPU.ActiveCfg = Debug|Any CPU
		{CF25ED76-E304-4EF8-B2ED-C2D73B7A274C}.Debug|Any CPU.Build.0 = Debug|Any CPU
		{CF25ED76-E304-4EF8-B2ED-C2D73B7A274C}.Release|Any CPU.ActiveCfg = Release|Any CPU
		{CF25ED76-E304-4EF8-B2ED-C2D73B7A274C}.Release|Any CPU.Build.0 = Release|Any CPU
	EndGlobalSection
	GlobalSection(SolutionProperties) = preSolution
		HideSolutionNode = FALSE
	EndGlobalSection
	GlobalSection(ExtensibilityGlobals) = postSolution
		SolutionGuid = {453B8764-3C3E-4EE7-80D7-C10D16FBC783}
	EndGlobalSection
EndGlobal
