
Microsoft Visual Studio Solution File, Format Version 12.00
# Visual Studio Version 17
VisualStudioVersion = 17.4.33213.308
MinimumVisualStudioVersion = 10.0.40219.1
Project("{FAE04EC0-301F-11D3-BF4B-00C04F79EFBC}") = "Day1", "Day1\Day1.csproj", "{60A1A62C-EF6B-4568-9145-8BEB9A5DEAAE}"
EndProject
Global
	GlobalSection(SolutionConfigurationPlatforms) = preSolution
		Debug|Any CPU = Debug|Any CPU
		Release|Any CPU = Release|Any CPU
	EndGlobalSection
	GlobalSection(ProjectConfigurationPlatforms) = postSolution
		{60A1A62C-EF6B-4568-9145-8BEB9A5DEAAE}.Debug|Any CPU.ActiveCfg = Debug|Any CPU
		{60A1A62C-EF6B-4568-9145-8BEB9A5DEAAE}.Debug|Any CPU.Build.0 = Debug|Any CPU
		{60A1A62C-EF6B-4568-9145-8BEB9A5DEAAE}.Release|Any CPU.ActiveCfg = Release|Any CPU
		{60A1A62C-EF6B-4568-9145-8BEB9A5DEAAE}.Release|Any CPU.Build.0 = Release|Any CPU
	EndGlobalSection
	GlobalSection(SolutionProperties) = preSolution
		HideSolutionNode = FALSE
	EndGlobalSection
	GlobalSection(ExtensibilityGlobals) = postSolution
		SolutionGuid = {64E0A2DC-5FC2-4158-B557-749E79135EAA}
	EndGlobalSection
EndGlobal
