
Microsoft Visual Studio Solution File, Format Version 12.00
# Visual Studio Version 17
VisualStudioVersion = 17.4.33213.308
MinimumVisualStudioVersion = 10.0.40219.1
Project("{FAE04EC0-301F-11D3-BF4B-00C04F79EFBC}") = "EmployeeCRUD", "EmployeeCRUD\EmployeeCRUD.csproj", "{1210E398-B523-455E-A951-66F3FE11A62F}"
EndProject
Project("{FAE04EC0-301F-11D3-BF4B-00C04F79EFBC}") = "HelperFunction", "HelperFunction\HelperFunction.csproj", "{3F5E54F4-2C74-4CE5-9D4B-3E95AA83BDE8}"
EndProject
Global
	GlobalSection(SolutionConfigurationPlatforms) = preSolution
		Debug|Any CPU = Debug|Any CPU
		Release|Any CPU = Release|Any CPU
	EndGlobalSection
	GlobalSection(ProjectConfigurationPlatforms) = postSolution
		{1210E398-B523-455E-A951-66F3FE11A62F}.Debug|Any CPU.ActiveCfg = Debug|Any CPU
		{1210E398-B523-455E-A951-66F3FE11A62F}.Debug|Any CPU.Build.0 = Debug|Any CPU
		{1210E398-B523-455E-A951-66F3FE11A62F}.Release|Any CPU.ActiveCfg = Release|Any CPU
		{1210E398-B523-455E-A951-66F3FE11A62F}.Release|Any CPU.Build.0 = Release|Any CPU
		{3F5E54F4-2C74-4CE5-9D4B-3E95AA83BDE8}.Debug|Any CPU.ActiveCfg = Debug|Any CPU
		{3F5E54F4-2C74-4CE5-9D4B-3E95AA83BDE8}.Debug|Any CPU.Build.0 = Debug|Any CPU
		{3F5E54F4-2C74-4CE5-9D4B-3E95AA83BDE8}.Release|Any CPU.ActiveCfg = Release|Any CPU
		{3F5E54F4-2C74-4CE5-9D4B-3E95AA83BDE8}.Release|Any CPU.Build.0 = Release|Any CPU
	EndGlobalSection
	GlobalSection(SolutionProperties) = preSolution
		HideSolutionNode = FALSE
	EndGlobalSection
	GlobalSection(ExtensibilityGlobals) = postSolution
		SolutionGuid = {B131AAF2-EB70-40EC-8AF9-043CD1E4CCBB}
	EndGlobalSection
EndGlobal
