
Microsoft Visual Studio Solution File, Format Version 12.00
# Visual Studio Version 17
VisualStudioVersion = 17.4.33213.308
MinimumVisualStudioVersion = 10.0.40219.1
Project("{FAE04EC0-301F-11D3-BF4B-00C04F79EFBC}") = "Task1", "Task1\Task1.csproj", "{245F4675-D7A3-43EB-A030-F89F245C7F81}"
EndProject
Global
	GlobalSection(SolutionConfigurationPlatforms) = preSolution
		Debug|Any CPU = Debug|Any CPU
		Release|Any CPU = Release|Any CPU
	EndGlobalSection
	GlobalSection(ProjectConfigurationPlatforms) = postSolution
		{245F4675-D7A3-43EB-A030-F89F245C7F81}.Debug|Any CPU.ActiveCfg = Debug|Any CPU
		{245F4675-D7A3-43EB-A030-F89F245C7F81}.Debug|Any CPU.Build.0 = Debug|Any CPU
		{245F4675-D7A3-43EB-A030-F89F245C7F81}.Release|Any CPU.ActiveCfg = Release|Any CPU
		{245F4675-D7A3-43EB-A030-F89F245C7F81}.Release|Any CPU.Build.0 = Release|Any CPU
	EndGlobalSection
	GlobalSection(SolutionProperties) = preSolution
		HideSolutionNode = FALSE
	EndGlobalSection
	GlobalSection(ExtensibilityGlobals) = postSolution
		SolutionGuid = {B699E197-5E33-43E4-A71D-012E9C7B7760}
	EndGlobalSection
EndGlobal
