
Microsoft Visual Studio Solution File, Format Version 12.00
# Visual Studio Version 17
VisualStudioVersion = 17.4.33213.308
MinimumVisualStudioVersion = 10.0.40219.1
Project("{FAE04EC0-301F-11D3-BF4B-00C04F79EFBC}") = "WPFCar", "WPFCar\WPFCar.csproj", "{6EE9FCA7-319B-41AF-84DA-DD16FC49CC81}"
EndProject
Global
	GlobalSection(SolutionConfigurationPlatforms) = preSolution
		Debug|Any CPU = Debug|Any CPU
		Release|Any CPU = Release|Any CPU
	EndGlobalSection
	GlobalSection(ProjectConfigurationPlatforms) = postSolution
		{6EE9FCA7-319B-41AF-84DA-DD16FC49CC81}.Debug|Any CPU.ActiveCfg = Debug|Any CPU
		{6EE9FCA7-319B-41AF-84DA-DD16FC49CC81}.Debug|Any CPU.Build.0 = Debug|Any CPU
		{6EE9FCA7-319B-41AF-84DA-DD16FC49CC81}.Release|Any CPU.ActiveCfg = Release|Any CPU
		{6EE9FCA7-319B-41AF-84DA-DD16FC49CC81}.Release|Any CPU.Build.0 = Release|Any CPU
	EndGlobalSection
	GlobalSection(SolutionProperties) = preSolution
		HideSolutionNode = FALSE
	EndGlobalSection
	GlobalSection(ExtensibilityGlobals) = postSolution
		SolutionGuid = {775B2C48-3BA1-45CA-B93D-1080E833799A}
	EndGlobalSection
EndGlobal
