
Microsoft Visual Studio Solution File, Format Version 12.00
# Visual Studio Version 17
VisualStudioVersion = 17.4.33213.308
MinimumVisualStudioVersion = 10.0.40219.1
Project("{9A19103F-16F7-4668-BE54-9A1E7A4F7556}") = "Day8", "Day8\Day8.csproj", "{F908C258-822B-4F62-AC5B-C421C924798B}"
EndProject
Project("{FAE04EC0-301F-11D3-BF4B-00C04F79EFBC}") = "Task1", "Task1\Task1.csproj", "{8CFB2A5C-BF30-4E3B-845E-DADE6DE81182}"
EndProject
Global
	GlobalSection(SolutionConfigurationPlatforms) = preSolution
		Debug|Any CPU = Debug|Any CPU
		Release|Any CPU = Release|Any CPU
	EndGlobalSection
	GlobalSection(ProjectConfigurationPlatforms) = postSolution
		{F908C258-822B-4F62-AC5B-C421C924798B}.Debug|Any CPU.ActiveCfg = Debug|Any CPU
		{F908C258-822B-4F62-AC5B-C421C924798B}.Debug|Any CPU.Build.0 = Debug|Any CPU
		{F908C258-822B-4F62-AC5B-C421C924798B}.Release|Any CPU.ActiveCfg = Release|Any CPU
		{F908C258-822B-4F62-AC5B-C421C924798B}.Release|Any CPU.Build.0 = Release|Any CPU
		{8CFB2A5C-BF30-4E3B-845E-DADE6DE81182}.Debug|Any CPU.ActiveCfg = Debug|Any CPU
		{8CFB2A5C-BF30-4E3B-845E-DADE6DE81182}.Debug|Any CPU.Build.0 = Debug|Any CPU
		{8CFB2A5C-BF30-4E3B-845E-DADE6DE81182}.Release|Any CPU.ActiveCfg = Release|Any CPU
		{8CFB2A5C-BF30-4E3B-845E-DADE6DE81182}.Release|Any CPU.Build.0 = Release|Any CPU
	EndGlobalSection
	GlobalSection(SolutionProperties) = preSolution
		HideSolutionNode = FALSE
	EndGlobalSection
	GlobalSection(ExtensibilityGlobals) = postSolution
		SolutionGuid = {99D6DDE2-5B2B-4EA8-A4CD-2511771BAAD7}
	EndGlobalSection
EndGlobal
