
Microsoft Visual Studio Solution File, Format Version 12.00
# Visual Studio Version 17
VisualStudioVersion = 17.4.33213.308
MinimumVisualStudioVersion = 10.0.40219.1
Project("{FAE04EC0-301F-11D3-BF4B-00C04F79EFBC}") = "WPFCar", "WPFCar\WPFCar.csproj", "{9D4A53C2-A1DB-46A1-AE3B-2FA622CAD62D}"
EndProject
Global
	GlobalSection(SolutionConfigurationPlatforms) = preSolution
		Debug|Any CPU = Debug|Any CPU
		Release|Any CPU = Release|Any CPU
	EndGlobalSection
	GlobalSection(ProjectConfigurationPlatforms) = postSolution
		{9D4A53C2-A1DB-46A1-AE3B-2FA622CAD62D}.Debug|Any CPU.ActiveCfg = Debug|Any CPU
		{9D4A53C2-A1DB-46A1-AE3B-2FA622CAD62D}.Debug|Any CPU.Build.0 = Debug|Any CPU
		{9D4A53C2-A1DB-46A1-AE3B-2FA622CAD62D}.Release|Any CPU.ActiveCfg = Release|Any CPU
		{9D4A53C2-A1DB-46A1-AE3B-2FA622CAD62D}.Release|Any CPU.Build.0 = Release|Any CPU
	EndGlobalSection
	GlobalSection(SolutionProperties) = preSolution
		HideSolutionNode = FALSE
	EndGlobalSection
	GlobalSection(ExtensibilityGlobals) = postSolution
		SolutionGuid = {FE7778BF-00BB-4512-B610-2CE921FE7AF9}
	EndGlobalSection
EndGlobal
