
Microsoft Visual Studio Solution File, Format Version 12.00
# Visual Studio Version 17
VisualStudioVersion = 17.4.33213.308
MinimumVisualStudioVersion = 10.0.40219.1
Project("{FAE04EC0-301F-11D3-BF4B-00C04F79EFBC}") = "Task1GridView", "Task1GridView\Task1GridView.csproj", "{B6089C18-DAD6-4DEA-8AC7-F97845103703}"
EndProject
Project("{FAE04EC0-301F-11D3-BF4B-00C04F79EFBC}") = "Task2DetaildView", "Task2DetaildView\Task2DetaildView.csproj", "{C481BF78-3895-4BA8-8E8B-B81797B003AE}"
EndProject
Global
	GlobalSection(SolutionConfigurationPlatforms) = preSolution
		Debug|Any CPU = Debug|Any CPU
		Release|Any CPU = Release|Any CPU
	EndGlobalSection
	GlobalSection(ProjectConfigurationPlatforms) = postSolution
		{B6089C18-DAD6-4DEA-8AC7-F97845103703}.Debug|Any CPU.ActiveCfg = Debug|Any CPU
		{B6089C18-DAD6-4DEA-8AC7-F97845103703}.Debug|Any CPU.Build.0 = Debug|Any CPU
		{B6089C18-DAD6-4DEA-8AC7-F97845103703}.Release|Any CPU.ActiveCfg = Release|Any CPU
		{B6089C18-DAD6-4DEA-8AC7-F97845103703}.Release|Any CPU.Build.0 = Release|Any CPU
		{C481BF78-3895-4BA8-8E8B-B81797B003AE}.Debug|Any CPU.ActiveCfg = Debug|Any CPU
		{C481BF78-3895-4BA8-8E8B-B81797B003AE}.Debug|Any CPU.Build.0 = Debug|Any CPU
		{C481BF78-3895-4BA8-8E8B-B81797B003AE}.Release|Any CPU.ActiveCfg = Release|Any CPU
		{C481BF78-3895-4BA8-8E8B-B81797B003AE}.Release|Any CPU.Build.0 = Release|Any CPU
	EndGlobalSection
	GlobalSection(SolutionProperties) = preSolution
		HideSolutionNode = FALSE
	EndGlobalSection
	GlobalSection(ExtensibilityGlobals) = postSolution
		SolutionGuid = {E20D4CF9-0FF5-439A-8EB6-886B2B64C033}
	EndGlobalSection
EndGlobal
