
Microsoft Visual Studio Solution File, Format Version 12.00
# Visual Studio Version 17
VisualStudioVersion = 17.4.33213.308
MinimumVisualStudioVersion = 10.0.40219.1
Project("{9A19103F-16F7-4668-BE54-9A1E7A4F7556}") = "FirstApp", "FirstApp\FirstApp.csproj", "{1717264D-12D3-439C-85E3-B8B774BD9C28}"
EndProject
Project("{FAE04EC0-301F-11D3-BF4B-00C04F79EFBC}") = "SecApp", "SecApp\SecApp.csproj", "{9661F926-FAFB-4063-B1BE-1C7C2A9FCEFA}"
EndProject
Project("{FAE04EC0-301F-11D3-BF4B-00C04F79EFBC}") = "ThirdApp", "ThirdApp\ThirdApp.csproj", "{3FD29043-BB9F-4FA5-9DDF-EA3493B3A9E4}"
EndProject
Global
	GlobalSection(SolutionConfigurationPlatforms) = preSolution
		Debug|Any CPU = Debug|Any CPU
		Release|Any CPU = Release|Any CPU
	EndGlobalSection
	GlobalSection(ProjectConfigurationPlatforms) = postSolution
		{1717264D-12D3-439C-85E3-B8B774BD9C28}.Debug|Any CPU.ActiveCfg = Debug|Any CPU
		{1717264D-12D3-439C-85E3-B8B774BD9C28}.Debug|Any CPU.Build.0 = Debug|Any CPU
		{1717264D-12D3-439C-85E3-B8B774BD9C28}.Release|Any CPU.ActiveCfg = Release|Any CPU
		{1717264D-12D3-439C-85E3-B8B774BD9C28}.Release|Any CPU.Build.0 = Release|Any CPU
		{9661F926-FAFB-4063-B1BE-1C7C2A9FCEFA}.Debug|Any CPU.ActiveCfg = Debug|Any CPU
		{9661F926-FAFB-4063-B1BE-1C7C2A9FCEFA}.Debug|Any CPU.Build.0 = Debug|Any CPU
		{9661F926-FAFB-4063-B1BE-1C7C2A9FCEFA}.Release|Any CPU.ActiveCfg = Release|Any CPU
		{9661F926-FAFB-4063-B1BE-1C7C2A9FCEFA}.Release|Any CPU.Build.0 = Release|Any CPU
		{3FD29043-BB9F-4FA5-9DDF-EA3493B3A9E4}.Debug|Any CPU.ActiveCfg = Debug|Any CPU
		{3FD29043-BB9F-4FA5-9DDF-EA3493B3A9E4}.Debug|Any CPU.Build.0 = Debug|Any CPU
		{3FD29043-BB9F-4FA5-9DDF-EA3493B3A9E4}.Release|Any CPU.ActiveCfg = Release|Any CPU
		{3FD29043-BB9F-4FA5-9DDF-EA3493B3A9E4}.Release|Any CPU.Build.0 = Release|Any CPU
	EndGlobalSection
	GlobalSection(SolutionProperties) = preSolution
		HideSolutionNode = FALSE
	EndGlobalSection
	GlobalSection(ExtensibilityGlobals) = postSolution
		SolutionGuid = {F3535DD3-5F7D-4690-A13B-1B793ED821D1}
	EndGlobalSection
EndGlobal
